
Microsoft Visual Studio Solution File, Format Version 9.00
# Visual Studio 2005
Project("{8BC9CEB8-8B4A-11D0-8D11-00A0C91BC942}") = "gUnitTest", "gUnitTest\gUnitTest.vcproj", "{C7CA6388-5441-48C2-8FA3-43055A121861}"
EndProject
Project("{8BC9CEB8-8B4A-11D0-8D11-00A0C91BC942}") = "readDevice", "readDevice\readDevice.vcproj", "{611E8A35-1DE7-4F7A-B5B4-7BD67C6EB8EA}"
EndProject
Global
	GlobalSection(SolutionConfigurationPlatforms) = preSolution
		Debug|Win32 = Debug|Win32
		Release|Win32 = Release|Win32
	EndGlobalSection
	GlobalSection(ProjectConfigurationPlatforms) = postSolution
		{C7CA6388-5441-48C2-8FA3-43055A121861}.Debug|Win32.ActiveCfg = Debug|Win32
		{C7CA6388-5441-48C2-8FA3-43055A121861}.Debug|Win32.Build.0 = Debug|Win32
		{C7CA6388-5441-48C2-8FA3-43055A121861}.Release|Win32.ActiveCfg = Release|Win32
		{C7CA6388-5441-48C2-8FA3-43055A121861}.Release|Win32.Build.0 = Release|Win32
		{611E8A35-1DE7-4F7A-B5B4-7BD67C6EB8EA}.Debug|Win32.ActiveCfg = Debug|Win32
		{611E8A35-1DE7-4F7A-B5B4-7BD67C6EB8EA}.Debug|Win32.Build.0 = Debug|Win32
		{611E8A35-1DE7-4F7A-B5B4-7BD67C6EB8EA}.Release|Win32.ActiveCfg = Release|Win32
		{611E8A35-1DE7-4F7A-B5B4-7BD67C6EB8EA}.Release|Win32.Build.0 = Release|Win32
	EndGlobalSection
	GlobalSection(SolutionProperties) = preSolution
		HideSolutionNode = FALSE
	EndGlobalSection
EndGlobal
